symfony v2.0.13
twig v1.7.0
monolog 1.0.2
doctrine-common 2.1.4
doctrine-dbal 2.1.6
doctrine 2.1.6
swiftmailer v4.1.7
assetic v1.0.3
twig-extensions 446d870272cd87a720e95242eade38a2acf56eaa
metadata 1.0.0
SensioFrameworkExtraBundle cb61b92ed55241d93ed9726bc3f5f47c7d2ce8fe
JMSSecurityExtraBundle e752f888c51425f71382c056961f10f2be642102
SensioDistributionBundle 20b66a408084ad8752f98e50f10533f5245310bf
SensioGeneratorBundle b1ccb78c1743f30817b0fce9bb5c6baff6ed7bf8
AsseticBundle v1.0.1
solarium 2.4.0
NelmioSolariumBundle 75c1c8481b3e6be50f1509ab8290181c48b1169e
knp-components 9fa22749e8bb337071d5bf7759f7feecc9baf597
KnpPaginatorBundle 203d7e041088f6a62c453158aeb643909a7e5121
KnpMenu d7a5eafa6711351b5989bd86bfa74d058e6a55ec
KnpMenuBundle c20933d2b988a3bd0944a0fd9e00068c30f0d27f
MopaBootstrapBundle 1c83975363d9d4a40b55eec7f7488c9ba00ec43c
